// !$*UTF8*$!
{
	archiveVersion = 1;
	classes = {
	};
	objectVersion = 56;
	objects = {

/* Begin PBXBuildFile section */
		55E4CF442924081300851CCD /* PruebaSonarqiOSApp.swift in Sources */ = {isa = PBXBuildFile; fileRef = 55E4CF432924081300851CCD /* PruebaSonarqiOSApp.swift */; };
		55E4CF462924081300851CCD /* ContentView.swift in Sources */ = {isa = PBXBuildFile; fileRef = 55E4CF452924081300851CCD /* ContentView.swift */; };
		55E4CF482924081500851CCD /* Assets.xcassets in Resources */ = {isa = PBXBuildFile; fileRef = 55E4CF472924081500851CCD /* Assets.xcassets */; };
		55E4CF4B2924081500851CCD /* Preview Assets.xcassets in Resources */ = {isa = PBXBuildFile; fileRef = 55E4CF4A2924081500851CCD /* Preview Assets.xcassets */; };
		55E4CF552924081500851CCD /* pruebaSonarqiOSTests.swift in Sources */ = {isa = PBXBuildFile; fileRef = 55E4CF542924081500851CCD /* pruebaSonarqiOSTests.swift */; };
		55E4CF5F2924081500851CCD /* pruebaSonarqiOSUITests.swift in Sources */ = {isa = PBXBuildFile; fileRef = 55E4CF5E2924081500851CCD /* pruebaSonarqiOSUITests.swift */; };
		55E4CF612924081500851CCD /* pruebaSonarqiOSUITestsLaunchTests.swift in Sources */ = {isa = PBXBuildFile; fileRef = 55E4CF602924081500851CCD /* pruebaSonarqiOSUITestsLaunchTests.swift */; };
/* End PBXBuildFile section */

/* Begin PBXContainerItemProxy section */
		55E4CF512924081500851CCD /* PBXContainerItemProxy */ = {
			isa = PBXContainerItemProxy;
			containerPortal = 55E4CF382924081300851CCD /* Project object */;
			proxyType = 1;
			remoteGlobalIDString = 55E4CF3F2924081300851CCD;
			remoteInfo = pruebaSonarqiOS;
		};
		55E4CF5B2924081500851CCD /* PBXContainerItemProxy */ = {
			isa = PBXContainerItemProxy;
			containerPortal = 55E4CF382924081300851CCD /* Project object */;
			proxyType = 1;
			remoteGlobalIDString = 55E4CF3F2924081300851CCD;
			remoteInfo = pruebaSonarqiOS;
		};
/* End PBXContainerItemProxy section */

/* Begin PBXFileReference section */
		55E4CF402924081300851CCD /* pruebaSonarqiOS.app */ = {isa = PBXFileReference; explicitFileType = wrapper.application; includeInIndex = 0; path = pruebaSonarqiOS.app; sourceTree = BUILT_PRODUCTS_DIR; };
		55E4CF432924081300851CCD /* PruebaSonarqiOSApp.swift */ = {isa = PBXFileReference; lastKnownFileType = sourcecode.swift; path = PruebaSonarqiOSApp.swift; sourceTree = "<group>"; };
		55E4CF452924081300851CCD /* ContentView.swift */ = {isa = PBXFileReference; lastKnownFileType = sourcecode.swift; path = ContentView.swift; sourceTree = "<group>"; };
		55E4CF472924081500851CCD /* Assets.xcassets */ = {isa = PBXFileReference; lastKnownFileType = folder.assetcatalog; path = Assets.xcassets; sourceTree = "<group>"; };
		55E4CF4A2924081500851CCD /* Preview Assets.xcassets */ = {isa = PBXFileReference; lastKnownFileType = folder.assetcatalog; path = "Preview Assets.xcassets"; sourceTree = "<group>"; };
		55E4CF502924081500851CCD /* pruebaSonarqiOSTests.xctest */ = {isa = PBXFileReference; explicitFileType = wrapper.cfbundle; includeInIndex = 0; path = pruebaSonarqiOSTests.xctest; sourceTree = BUILT_PRODUCTS_DIR; };
		55E4CF542924081500851CCD /* pruebaSonarqiOSTests.swift */ = {isa = PBXFileReference; lastKnownFileType = sourcecode.swift; path = pruebaSonarqiOSTests.swift; sourceTree = "<group>"; };
		55E4CF5A2924081500851CCD /* pruebaSonarqiOSUITests.xctest */ = {isa = PBXFileReference; explicitFileType = wrapper.cfbundle; includeInIndex = 0; path = pruebaSonarqiOSUITests.xctest; sourceTree = BUILT_PRODUCTS_DIR; };
		55E4CF5E2924081500851CCD /* pruebaSonarqiOSUITests.swift */ = {isa = PBXFileReference; lastKnownFileType = sourcecode.swift; path = pruebaSonarqiOSUITests.swift; sourceTree = "<group>"; };
		55E4CF602924081500851CCD /* pruebaSonarqiOSUITestsLaunchTests.swift */ = {isa = PBXFileReference; lastKnownFileType = sourcecode.swift; path = pruebaSonarqiOSUITestsLaunchTests.swift; sourceTree = "<group>"; };
/* End PBXFileReference section */

/* Begin PBXFrameworksBuildPhase section */
		55E4CF3D2924081300851CCD /* Frameworks */ = {
			isa = PBXFrameworksBuildPhase;
			buildActionMask = 2147483647;
			files = (
			);
			runOnlyForDeploymentPostprocessing = 0;
		};
		55E4CF4D2924081500851CCD /* Frameworks */ = {
			isa = PBXFrameworksBuildPhase;
			buildActionMask = 2147483647;
			files = (
			);
			runOnlyForDeploymentPostprocessing = 0;
		};
		55E4CF572924081500851CCD /* Frameworks */ = {
			isa = PBXFrameworksBuildPhase;
			buildActionMask = 2147483647;
			files = (
			);
			runOnlyForDeploymentPostprocessing = 0;
		};
/* End PBXFrameworksBuildPhase section */

/* Begin PBXGroup section */
		55E4CF372924081300851CCD = {
			isa = PBXGroup;
			children = (
				55E4CF422924081300851CCD /* pruebaSonarqiOS */,
				55E4CF532924081500851CCD /* pruebaSonarqiOSTests */,
				55E4CF5D2924081500851CCD /* pruebaSonarqiOSUITests */,
				55E4CF412924081300851CCD /* Products */,
			);
			sourceTree = "<group>";
		};
		55E4CF412924081300851CCD /* Products */ = {
			isa = PBXGroup;
			children = (
				55E4CF402924081300851CCD /* pruebaSonarqiOS.app */,
				55E4CF502924081500851CCD /* pruebaSonarqiOSTests.xctest */,
				55E4CF5A2924081500851CCD /* pruebaSonarqiOSUITests.xctest */,
			);
			name = Products;
			sourceTree = "<group>";
		};
		55E4CF422924081300851CCD /* pruebaSonarqiOS */ = {
			isa = PBXGroup;
			children = (
				55E4CF432924081300851CCD /* PruebaSonarqiOSApp.swift */,
				55E4CF452924081300851CCD /* ContentView.swift */,
				55E4CF472924081500851CCD /* Assets.xcassets */,
				55E4CF492924081500851CCD /* Preview Content */,
			);
			path = pruebaSonarqiOS;
			sourceTree = "<group>";
		};
		55E4CF492924081500851CCD /* Preview Content */ = {
			isa = PBXGroup;
			children = (
				55E4CF4A2924081500851CCD /* Preview Assets.xcassets */,
			);
			path = "Preview Content";
			sourceTree = "<group>";
		};
		55E4CF532924081500851CCD /* pruebaSonarqiOSTests */ = {
			isa = PBXGroup;
			children = (
				55E4CF542924081500851CCD /* pruebaSonarqiOSTests.swift */,
			);
			path = pruebaSonarqiOSTests;
			sourceTree = "<group>";
		};
		55E4CF5D2924081500851CCD /* pruebaSonarqiOSUITests */ = {
			isa = PBXGroup;
			children = (
				55E4CF5E2924081500851CCD /* pruebaSonarqiOSUITests.swift */,
				55E4CF602924081500851CCD /* pruebaSonarqiOSUITestsLaunchTests.swift */,
			);
			path = pruebaSonarqiOSUITests;
			sourceTree = "<group>";
		};
/* End PBXGroup section */

/* Begin PBXNativeTarget section */
		55E4CF3F2924081300851CCD /* pruebaSonarqiOS */ = {
			isa = PBXNativeTarget;
			buildConfigurationList = 55E4CF642924081500851CCD /* Build configuration list for PBXNativeTarget "pruebaSonarqiOS" */;
			buildPhases = (
				55E4CF3C2924081300851CCD /* Sources */,
				55E4CF3D2924081300851CCD /* Frameworks */,
				55E4CF3E2924081300851CCD /* Resources */,
			);
			buildRules = (
			);
			dependencies = (
			);
			name = pruebaSonarqiOS;
			productName = pruebaSonarqiOS;
			productReference = 55E4CF402924081300851CCD /* pruebaSonarqiOS.app */;
			productType = "com.apple.product-type.application";
		};
		55E4CF4F2924081500851CCD /* pruebaSonarqiOSTests */ = {
			isa = PBXNativeTarget;
			buildConfigurationList = 55E4CF672924081500851CCD /* Build configuration list for PBXNativeTarget "pruebaSonarqiOSTests" */;
			buildPhases = (
				55E4CF4C2924081500851CCD /* Sources */,
				55E4CF4D2924081500851CCD /* Frameworks */,
				55E4CF4E2924081500851CCD /* Resources */,
			);
			buildRules = (
			);
			dependencies = (
				55E4CF522924081500851CCD /* PBXTargetDependency */,
			);
			name = pruebaSonarqiOSTests;
			productName = pruebaSonarqiOSTests;
			productReference = 55E4CF502924081500851CCD /* pruebaSonarqiOSTests.xctest */;
			productType = "com.apple.product-type.bundle.unit-test";
		};
		55E4CF592924081500851CCD /* pruebaSonarqiOSUITests */ = {
			isa = PBXNativeTarget;
			buildConfigurationList = 55E4CF6A2924081500851CCD /* Build configuration list for PBXNativeTarget "pruebaSonarqiOSUITests" */;
			buildPhases = (
				55E4CF562924081500851CCD /* Sources */,
				55E4CF572924081500851CCD /* Frameworks */,
				55E4CF582924081500851CCD /* Resources */,
			);
			buildRules = (
			);
			dependencies = (
				55E4CF5C2924081500851CCD /* PBXTargetDependency */,
			);
			name = pruebaSonarqiOSUITests;
			productName = pruebaSonarqiOSUITests;
			productReference = 55E4CF5A2924081500851CCD /* pruebaSonarqiOSUITests.xctest */;
			productType = "com.apple.product-type.bundle.ui-testing";
		};
/* End PBXNativeTarget section */

/* Begin PBXProject section */
		55E4CF382924081300851CCD /* Project object */ = {
			isa = PBXProject;
			attributes = {
				BuildIndependentTargetsInParallel = 1;
				LastSwiftUpdateCheck = 1410;
				LastUpgradeCheck = 1410;
				TargetAttributes = {
					55E4CF3F2924081300851CCD = {
						CreatedOnToolsVersion = 14.1;
					};
					55E4CF4F2924081500851CCD = {
						CreatedOnToolsVersion = 14.1;
						TestTargetID = 55E4CF3F2924081300851CCD;
					};
					55E4CF592924081500851CCD = {
						CreatedOnToolsVersion = 14.1;
						TestTargetID = 55E4CF3F2924081300851CCD;
					};
				};
			};
			buildConfigurationList = 55E4CF3B2924081300851CCD /* Build configuration list for PBXProject "pruebaSonarqiOS" */;
			compatibilityVersion = "Xcode 14.0";
			developmentRegion = en;
			hasScannedForEncodings = 0;
			knownRegions = (
				en,
				Base,
			);
			mainGroup = 55E4CF372924081300851CCD;
			productRefGroup = 55E4CF412924081300851CCD /* Products */;
			projectDirPath = "";
			projectRoot = "";
			targets = (
				55E4CF3F2924081300851CCD /* pruebaSonarqiOS */,
				55E4CF4F2924081500851CCD /* pruebaSonarqiOSTests */,
				55E4CF592924081500851CCD /* pruebaSonarqiOSUITests */,
			);
		};
/* End PBXProject section */

/* Begin PBXResourcesBuildPhase section */
		55E4CF3E2924081300851CCD /* Resources */ = {
			isa = PBXResourcesBuildPhase;
			buildActionMask = 2147483647;
			files = (
				55E4CF4B2924081500851CCD /* Preview Assets.xcassets in Resources */,
				55E4CF482924081500851CCD /* Assets.xcassets in Resources */,
			);
			runOnlyForDeploymentPostprocessing = 0;
		};
		55E4CF4E2924081500851CCD /* Resources */ = {
			isa = PBXResourcesBuildPhase;
			buildActionMask = 2147483647;
			files = (
			);
			runOnlyForDeploymentPostprocessing = 0;
		};
		55E4CF582924081500851CCD /* Resources */ = {
			isa = PBXResourcesBuildPhase;
			buildActionMask = 2147483647;
			files = (
			);
			runOnlyForDeploymentPostprocessing = 0;
		};
/* End PBXResourcesBuildPhase section */

/* Begin PBXSourcesBuildPhase section */
		55E4CF3C2924081300851CCD /* Sources */ = {
			isa = PBXSourcesBuildPhase;
			buildActionMask = 2147483647;
			files = (
				55E4CF462924081300851CCD /* ContentView.swift in Sources */,
				55E4CF442924081300851CCD /* PruebaSonarqiOSApp.swift in Sources */,
			);
			runOnlyForDeploymentPostprocessing = 0;
		};
		55E4CF4C2924081500851CCD /* Sources */ = {
			isa = PBXSourcesBuildPhase;
			buildActionMask = 2147483647;
			files = (
				55E4CF552924081500851CCD /* pruebaSonarqiOSTests.swift in Sources */,
			);
			runOnlyForDeploymentPostprocessing = 0;
		};
		55E4CF562924081500851CCD /* Sources */ = {
			isa = PBXSourcesBuildPhase;
			buildActionMask = 2147483647;
			files = (
				55E4CF5F2924081500851CCD /* pruebaSonarqiOSUITests.swift in Sources */,
				55E4CF612924081500851CCD /* pruebaSonarqiOSUITestsLaunchTests.swift in Sources */,
			);
			runOnlyForDeploymentPostprocessing = 0;
		};
/* End PBXSourcesBuildPhase section */

/* Begin PBXTargetDependency section */
		55E4CF522924081500851CCD /* PBXTargetDependency */ = {
			isa = PBXTargetDependency;
			target = 55E4CF3F2924081300851CCD /* pruebaSonarqiOS */;
			targetProxy = 55E4CF512924081500851CCD /* PBXContainerItemProxy */;
		};
		55E4CF5C2924081500851CCD /* PBXTargetDependency */ = {
			isa = PBXTargetDependency;
			target = 55E4CF3F2924081300851CCD /* pruebaSonarqiOS */;
			targetProxy = 55E4CF5B2924081500851CCD /* PBXContainerItemProxy */;
		};
/* End PBXTargetDependency section */

/* Begin XCBuildConfiguration section */
		55E4CF622924081500851CCD /* Debug */ = {
			isa = XCBuildConfiguration;
			buildSettings = {
				ALWAYS_SEARCH_USER_PATHS = NO;
				CLANG_ANALYZER_NONNULL = YES;
				CLANG_ANALYZER_NUMBER_OBJECT_CONVERSION = YES_AGGRESSIVE;
				CLANG_CXX_LANGUAGE_STANDARD = "gnu++20";
				CLANG_ENABLE_MODULES = YES;
				CLANG_ENABLE_OBJC_ARC = YES;
				CLANG_ENABLE_OBJC_WEAK = YES;
				CLANG_WARN_BLOCK_CAPTURE_AUTORELEASING = YES;
				CLANG_WARN_BOOL_CONVERSION = YES;
				CLANG_WARN_COMMA = YES;
				CLANG_WARN_CONSTANT_CONVERSION = YES;
				CLANG_WARN_DEPRECATED_OBJC_IMPLEMENTATIONS = YES;
				CLANG_WARN_DIRECT_OBJC_ISA_USAGE = YES_ERROR;
				CLANG_WARN_DOCUMENTATION_COMMENTS = YES;
				CLANG_WARN_EMPTY_BODY = YES;
				CLANG_WARN_ENUM_CONVERSION = YES;
				CLANG_WARN_INFINITE_RECURSION = YES;
				CLANG_WARN_INT_CONVERSION = YES;
				CLANG_WARN_NON_LITERAL_NULL_CONVERSION = YES;
				CLANG_WARN_OBJC_IMPLICIT_RETAIN_SELF = YES;
				CLANG_WARN_OBJC_LITERAL_CONVERSION = YES;
				CLANG_WARN_OBJC_ROOT_CLASS = YES_ERROR;
				CLANG_WARN_QUOTED_INCLUDE_IN_FRAMEWORK_HEADER = YES;
				CLANG_WARN_RANGE_LOOP_ANALYSIS = YES;
				CLANG_WARN_STRICT_PROTOTYPES = YES;
				CLANG_WARN_SUSPICIOUS_MOVE = YES;
				CLANG_WARN_UNGUARDED_AVAILABILITY = YES_AGGRESSIVE;
				CLANG_WARN_UNREACHABLE_CODE = YES;
				CLANG_WARN__DUPLICATE_METHOD_MATCH = YES;
				COPY_PHASE_STRIP = NO;
				DEBUG_INFORMATION_FORMAT = dwarf;
				ENABLE_STRICT_OBJC_MSGSEND = YES;
				ENABLE_TESTABILITY = YES;
				GCC_C_LANGUAGE_STANDARD = gnu11;
				GCC_DYNAMIC_NO_PIC = NO;
				GCC_NO_COMMON_BLOCKS = YES;
				GCC_OPTIMIZATION_LEVEL = 0;
				GCC_PREPROCESSOR_DEFINITIONS = (
					"DEBUG=1",
					"$(inherited)",
				);
				GCC_WARN_64_TO_32_BIT_CONVERSION = YES;
				GCC_WARN_ABOUT_RETURN_TYPE = YES_ERROR;
				GCC_WARN_UNDECLARED_SELECTOR = YES;
				GCC_WARN_UNINITIALIZED_AUTOS = YES_AGGRESSIVE;
				GCC_WARN_UNUSED_FUNCTION = YES;
				GCC_WARN_UNUSED_VARIABLE = YES;
				IPHONEOS_DEPLOYMENT_TARGET = 16.1;
				MTL_ENABLE_DEBUG_INFO = INCLUDE_SOURCE;
				MTL_FAST_MATH = YES;
				ONLY_ACTIVE_ARCH = YES;
				SDKROOT = iphoneos;
				SWIFT_ACTIVE_COMPILATION_CONDITIONS = DEBUG;
				SWIFT_OPTIMIZATION_LEVEL = "-Onone";
			};
			name = Debug;
		};
		55E4CF632924081500851CCD /* Release */ = {
			isa = XCBuildConfiguration;
			buildSettings = {
				ALWAYS_SEARCH_USER_PATHS = NO;
				CLANG_ANALYZER_NONNULL = YES;
				CLANG_ANALYZER_NUMBER_OBJECT_CONVERSION = YES_AGGRESSIVE;
				CLANG_CXX_LANGUAGE_STANDARD = "gnu++20";
				CLANG_ENABLE_MODULES = YES;
				CLANG_ENABLE_OBJC_ARC = YES;
				CLANG_ENABLE_OBJC_WEAK = YES;
				CLANG_WARN_BLOCK_CAPTURE_AUTORELEASING = YES;
				CLANG_WARN_BOOL_CONVERSION = YES;
				CLANG_WARN_COMMA = YES;
				CLANG_WARN_CONSTANT_CONVERSION = YES;
				CLANG_WARN_DEPRECATED_OBJC_IMPLEMENTATIONS = YES;
				CLANG_WARN_DIRECT_OBJC_ISA_USAGE = YES_ERROR;
				CLANG_WARN_DOCUMENTATION_COMMENTS = YES;
				CLANG_WARN_EMPTY_BODY = YES;
				CLANG_WARN_ENUM_CONVERSION = YES;
				CLANG_WARN_INFINITE_RECURSION = YES;
				CLANG_WARN_INT_CONVERSION = YES;
				CLANG_WARN_NON_LITERAL_NULL_CONVERSION = YES;
				CLANG_WARN_OBJC_IMPLICIT_RETAIN_SELF = YES;
				CLANG_WARN_OBJC_LITERAL_CONVERSION = YES;
				CLANG_WARN_OBJC_ROOT_CLASS = YES_ERROR;
				CLANG_WARN_QUOTED_INCLUDE_IN_FRAMEWORK_HEADER = YES;
				CLANG_WARN_RANGE_LOOP_ANALYSIS = YES;
				CLANG_WARN_STRICT_PROTOTYPES = YES;
				CLANG_WARN_SUSPICIOUS_MOVE = YES;
				CLANG_WARN_UNGUARDED_AVAILABILITY = YES_AGGRESSIVE;
				CLANG_WARN_UNREACHABLE_CODE = YES;
				CLANG_WARN__DUPLICATE_METHOD_MATCH = YES;
				COPY_PHASE_STRIP = NO;
				DEBUG_INFORMATION_FORMAT = "dwarf-with-dsym";
				ENABLE_NS_ASSERTIONS = NO;
				ENABLE_STRICT_OBJC_MSGSEND = YES;
				GCC_C_LANGUAGE_STANDARD = gnu11;
				GCC_NO_COMMON_BLOCKS = YES;
				GCC_WARN_64_TO_32_BIT_CONVERSION = YES;
				GCC_WARN_ABOUT_RETURN_TYPE = YES_ERROR;
				GCC_WARN_UNDECLARED_SELECTOR = YES;
				GCC_WARN_UNINITIALIZED_AUTOS = YES_AGGRESSIVE;
				GCC_WARN_UNUSED_FUNCTION = YES;
				GCC_WARN_UNUSED_VARIABLE = YES;
				IPHONEOS_DEPLOYMENT_TARGET = 16.1;
				MTL_ENABLE_DEBUG_INFO = NO;
				MTL_FAST_MATH = YES;
				SDKROOT = iphoneos;
				SWIFT_COMPILATION_MODE = wholemodule;
				SWIFT_OPTIMIZATION_LEVEL = "-O";
				VALIDATE_PRODUCT = YES;
			};
			name = Release;
		};
		55E4CF652924081500851CCD /* Debug */ = {
			isa = XCBuildConfiguration;
			buildSettings = {
				ASSETCATALOG_COMPILER_APPICON_NAME = AppIcon;
				ASSETCATALOG_COMPILER_GLOBAL_ACCENT_COLOR_NAME = AccentColor;
				CODE_SIGN_STYLE = Automatic;
				CURRENT_PROJECT_VERSION = 1;
				DEVELOPMENT_ASSET_PATHS = "\"pruebaSonarqiOS/Preview Content\"";
				DEVELOPMENT_TEAM = 4A3553FC4X;
				ENABLE_PREVIEWS = YES;
				GENERATE_INFOPLIST_FILE = YES;
				INFOPLIST_KEY_CFBundleDisplayName = pruebaSonarqiOS;
				INFOPLIST_KEY_UIApplicationSceneManifest_Generation = YES;
				INFOPLIST_KEY_UIApplicationSupportsIndirectInputEvents = YES;
				INFOPLIST_KEY_UILaunchScreen_Generation = YES;
				INFOPLIST_KEY_UISupportedInterfaceOrientations_iPad = "UIInterfaceOrientationPortrait UIInterfaceOrientationPortraitUpsideDown UIInterfaceOrientationLandscapeLeft UIInterfaceOrientationLandscapeRight";
				INFOPLIST_KEY_UISupportedInterfaceOrientations_iPhone = "UIInterfaceOrientationPortrait UIInterfaceOrientationLandscapeLeft UIInterfaceOrientationLandscapeRight";
				LD_RUNPATH_SEARCH_PATHS = (
					"$(inherited)",
					"@executable_path/Frameworks",
				);
				MARKETING_VERSION = 1.0;
				PRODUCT_BUNDLE_IDENTIFIER = xaxilan.pruebaSonarqiOS;
				PRODUCT_NAME = "$(TARGET_NAME)";
				SWIFT_EMIT_LOC_STRINGS = YES;
				SWIFT_VERSION = 5.0;
				TARGETED_DEVICE_FAMILY = "1,2";
			};
			name = Debug;
		};
		55E4CF662924081500851CCD /* Release */ = {
			isa = XCBuildConfiguration;
			buildSettings = {
				ASSETCATALOG_COMPILER_APPICON_NAME = AppIcon;
				ASSETCATALOG_COMPILER_GLOBAL_ACCENT_COLOR_NAME = AccentColor;
				CODE_SIGN_STYLE = Automatic;
				CURRENT_PROJECT_VERSION = 1;
				DEVELOPMENT_ASSET_PATHS = "\"pruebaSonarqiOS/Preview Content\"";
				DEVELOPMENT_TEAM = 4A3553FC4X;
				ENABLE_PREVIEWS = YES;
				GENERATE_INFOPLIST_FILE = YES;
				INFOPLIST_KEY_CFBundleDisplayName = pruebaSonarqiOS;
				INFOPLIST_KEY_UIApplicationSceneManifest_Generation = YES;
				INFOPLIST_KEY_UIApplicationSupportsIndirectInputEvents = YES;
				INFOPLIST_KEY_UILaunchScreen_Generation = YES;
				INFOPLIST_KEY_UISupportedInterfaceOrientations_iPad = "UIInterfaceOrientationPortrait UIInterfaceOrientationPortraitUpsideDown UIInterfaceOrientationLandscapeLeft UIInterfaceOrientationLandscapeRight";
				INFOPLIST_KEY_UISupportedInterfaceOrientations_iPhone = "UIInterfaceOrientationPortrait UIInterfaceOrientationLandscapeLeft UIInterfaceOrientationLandscapeRight";
				LD_RUNPATH_SEARCH_PATHS = (
					"$(inherited)",
					"@executable_path/Frameworks",
				);
				MARKETING_VERSION = 1.0;
				PRODUCT_BUNDLE_IDENTIFIER = xaxilan.pruebaSonarqiOS;
				PRODUCT_NAME = "$(TARGET_NAME)";
				SWIFT_EMIT_LOC_STRINGS = YES;
				SWIFT_VERSION = 5.0;
				TARGETED_DEVICE_FAMILY = "1,2";
			};
			name = Release;
		};
		55E4CF682924081500851CCD /* Debug */ = {
			isa = XCBuildConfiguration;
			buildSettings = {
				ALWAYS_EMBED_SWIFT_STANDARD_LIBRARIES = YES;
				BUNDLE_LOADER = "$(TEST_HOST)";
				CODE_SIGN_STYLE = Automatic;
				CURRENT_PROJECT_VERSION = 1;
				DEVELOPMENT_TEAM = 4A3553FC4X;
				GENERATE_INFOPLIST_FILE = YES;
				IPHONEOS_DEPLOYMENT_TARGET = 16.1;
				MARKETING_VERSION = 1.0;
				PRODUCT_BUNDLE_IDENTIFIER = xaxilan.pruebaSonarqiOSTests;
				PRODUCT_NAME = "$(TARGET_NAME)";
				SWIFT_EMIT_LOC_STRINGS = NO;
				SWIFT_VERSION = 5.0;
				TARGETED_DEVICE_FAMILY = "1,2";
				TEST_HOST = "$(BUILT_PRODUCTS_DIR)/pruebaSonarqiOS.app/$(BUNDLE_EXECUTABLE_FOLDER_PATH)/pruebaSonarqiOS";
			};
			name = Debug;
		};
		55E4CF692924081500851CCD /* Release */ = {
			isa = XCBuildConfiguration;
			buildSettings = {
				ALWAYS_EMBED_SWIFT_STANDARD_LIBRARIES = YES;
				BUNDLE_LOADER = "$(TEST_HOST)";
				CODE_SIGN_STYLE = Automatic;
				CURRENT_PROJECT_VERSION = 1;
				DEVELOPMENT_TEAM = 4A3553FC4X;
				GENERATE_INFOPLIST_FILE = YES;
				IPHONEOS_DEPLOYMENT_TARGET = 16.1;
				MARKETING_VERSION = 1.0;
				PRODUCT_BUNDLE_IDENTIFIER = xaxilan.pruebaSonarqiOSTests;
				PRODUCT_NAME = "$(TARGET_NAME)";
				SWIFT_EMIT_LOC_STRINGS = NO;
				SWIFT_VERSION = 5.0;
				TARGETED_DEVICE_FAMILY = "1,2";
				TEST_HOST = "$(BUILT_PRODUCTS_DIR)/pruebaSonarqiOS.app/$(BUNDLE_EXECUTABLE_FOLDER_PATH)/pruebaSonarqiOS";
			};
			name = Release;
		};
		55E4CF6B2924081500851CCD /* Debug */ = {
			isa = XCBuildConfiguration;
			buildSettings = {
				ALWAYS_EMBED_SWIFT_STANDARD_LIBRARIES = YES;
				CODE_SIGN_STYLE = Automatic;
				CURRENT_PROJECT_VERSION = 1;
				DEVELOPMENT_TEAM = 4A3553FC4X;
				GENERATE_INFOPLIST_FILE = YES;
				MARKETING_VERSION = 1.0;
				PRODUCT_BUNDLE_IDENTIFIER = xaxilan.pruebaSonarqiOSUITests;
				PRODUCT_NAME = "$(TARGET_NAME)";
				SWIFT_EMIT_LOC_STRINGS = NO;
				SWIFT_VERSION = 5.0;
				TARGETED_DEVICE_FAMILY = "1,2";
				TEST_TARGET_NAME = pruebaSonarqiOS;
			};
			name = Debug;
		};
		55E4CF6C2924081500851CCD /* Release */ = {
			isa = XCBuildConfiguration;
			buildSettings = {
				ALWAYS_EMBED_SWIFT_STANDARD_LIBRARIES = YES;
				CODE_SIGN_STYLE = Automatic;
				CURRENT_PROJECT_VERSION = 1;
				DEVELOPMENT_TEAM = 4A3553FC4X;
				GENERATE_INFOPLIST_FILE = YES;
				MARKETING_VERSION = 1.0;
				PRODUCT_BUNDLE_IDENTIFIER = xaxilan.pruebaSonarqiOSUITests;
				PRODUCT_NAME = "$(TARGET_NAME)";
				SWIFT_EMIT_LOC_STRINGS = NO;
				SWIFT_VERSION = 5.0;
				TARGETED_DEVICE_FAMILY = "1,2";
				TEST_TARGET_NAME = pruebaSonarqiOS;
			};
			name = Release;
		};
/* End XCBuildConfiguration section */

/* Begin XCConfigurationList section */
		55E4CF3B2924081300851CCD /* Build configuration list for PBXProject "pruebaSonarqiOS" */ = {
			isa = XCConfigurationList;
			buildConfigurations = (
				55E4CF622924081500851CCD /* Debug */,
				55E4CF632924081500851CCD /* Release */,
			);
			defaultConfigurationIsVisible = 0;
			defaultConfigurationName = Release;
		};
		55E4CF642924081500851CCD /* Build configuration list for PBXNativeTarget "pruebaSonarqiOS" */ = {
			isa = XCConfigurationList;
			buildConfigurations = (
				55E4CF652924081500851CCD /* Debug */,
				55E4CF662924081500851CCD /* Release */,
			);
			defaultConfigurationIsVisible = 0;
			defaultConfigurationName = Release;
		};
		55E4CF672924081500851CCD /* Build configuration list for PBXNativeTarget "pruebaSonarqiOSTests" */ = {
			isa = XCConfigurationList;
			buildConfigurations = (
				55E4CF682924081500851CCD /* Debug */,
				55E4CF692924081500851CCD /* Release */,
			);
			defaultConfigurationIsVisible = 0;
			defaultConfigurationName = Release;
		};
		55E4CF6A2924081500851CCD /* Build configuration list for PBXNativeTarget "pruebaSonarqiOSUITests" */ = {
			isa = XCConfigurationList;
			buildConfigurations = (
				55E4CF6B2924081500851CCD /* Debug */,
				55E4CF6C2924081500851CCD /* Release */,
			);
			defaultConfigurationIsVisible = 0;
			defaultConfigurationName = Release;
		};
/* End XCConfigurationList section */
	};
	rootObject = 55E4CF382924081300851CCD /* Project object */;
}
